
Microsoft Visual Studio Solution File, Format Version 12.00
# Visual Studio Version 16
VisualStudioVersion = 16.0.29911.84
MinimumVisualStudioVersion = 10.0.40219.1
Project("{FAE04EC0-301F-11D3-BF4B-00C04F79EFBC}") = "FitnessCenter", "FitnessCenter\FitnessCenter.csproj", "{399F7582-DA41-4687-B9C8-0E2683005E37}"
EndProject
Global
	GlobalSection(SolutionConfigurationPlatforms) = preSolution
		Debug|Any CPU = Debug|Any CPU
		Release|Any CPU = Release|Any CPU
	EndGlobalSection
	GlobalSection(ProjectConfigurationPlatforms) = postSolution
		{399F7582-DA41-4687-B9C8-0E2683005E37}.Debug|Any CPU.ActiveCfg = Debug|Any CPU
		{399F7582-DA41-4687-B9C8-0E2683005E37}.Debug|Any CPU.Build.0 = Debug|Any CPU
		{399F7582-DA41-4687-B9C8-0E2683005E37}.Release|Any CPU.ActiveCfg = Release|Any CPU
		{399F7582-DA41-4687-B9C8-0E2683005E37}.Release|Any CPU.Build.0 = Release|Any CPU
	EndGlobalSection
	GlobalSection(SolutionProperties) = preSolution
		HideSolutionNode = FALSE
	EndGlobalSection
	GlobalSection(ExtensibilityGlobals) = postSolution
		SolutionGuid = {856E3C40-057F-4858-9D89-21217AB60696}
	EndGlobalSection
EndGlobal
